
Microsoft Visual Studio Solution File, Format Version 12.00
# Visual Studio Version 16
VisualStudioVersion = 16.0.30011.22
MinimumVisualStudioVersion = 10.0.40219.1
Project("{FAE04EC0-301F-11D3-BF4B-00C04F79EFBC}") = "SocialNetwork", "SocialNetwork\SocialNetwork.csproj", "{D10311D4-B02E-4826-B4C4-794796201639}"
EndProject
Global
	GlobalSection(SolutionConfigurationPlatforms) = preSolution
		Debug|Any CPU = Debug|Any CPU
		Release|Any CPU = Release|Any CPU
	EndGlobalSection
	GlobalSection(ProjectConfigurationPlatforms) = postSolution
		{D10311D4-B02E-4826-B4C4-794796201639}.Debug|Any CPU.ActiveCfg = Debug|Any CPU
		{D10311D4-B02E-4826-B4C4-794796201639}.Debug|Any CPU.Build.0 = Debug|Any CPU
		{D10311D4-B02E-4826-B4C4-794796201639}.Release|Any CPU.ActiveCfg = Release|Any CPU
		{D10311D4-B02E-4826-B4C4-794796201639}.Release|Any CPU.Build.0 = Release|Any CPU
	EndGlobalSection
	GlobalSection(SolutionProperties) = preSolution
		HideSolutionNode = FALSE
	EndGlobalSection
	GlobalSection(ExtensibilityGlobals) = postSolution
		SolutionGuid = {54AA2852-28A8-461C-ACDA-21ABA3075FEA}
	EndGlobalSection
EndGlobal
